
Microsoft Visual Studio Solution File, Format Version 12.00
# Visual Studio Version 16
VisualStudioVersion = 16.0.31005.135
MinimumVisualStudioVersion = 10.0.40219.1
Project("{FAE04EC0-301F-11D3-BF4B-00C04F79EFBC}") = "ControlVee.Port.InMan.DShop.Components", "ControlVee.Port.InMan.DShop.Components\ControlVee.Port.InMan.DShop.Components.csproj", "{E3FE3B07-4D22-463E-9C4B-57D57A0D3F92}"
EndProject
Global
	GlobalSection(SolutionConfigurationPlatforms) = preSolution
		Debug|Any CPU = Debug|Any CPU
		Release|Any CPU = Release|Any CPU
	EndGlobalSection
	GlobalSection(ProjectConfigurationPlatforms) = postSolution
		{E3FE3B07-4D22-463E-9C4B-57D57A0D3F92}.Debug|Any CPU.ActiveCfg = Debug|Any CPU
		{E3FE3B07-4D22-463E-9C4B-57D57A0D3F92}.Debug|Any CPU.Build.0 = Debug|Any CPU
		{E3FE3B07-4D22-463E-9C4B-57D57A0D3F92}.Release|Any CPU.ActiveCfg = Release|Any CPU
		{E3FE3B07-4D22-463E-9C4B-57D57A0D3F92}.Release|Any CPU.Build.0 = Release|Any CPU
	EndGlobalSection
	GlobalSection(SolutionProperties) = preSolution
		HideSolutionNode = FALSE
	EndGlobalSection
	GlobalSection(ExtensibilityGlobals) = postSolution
		SolutionGuid = {7E115D91-129A-4DF5-AEA6-8C4AD7F85C61}
	EndGlobalSection
EndGlobal
